
Microsoft Visual Studio Solution File, Format Version 12.00
Project("{2150E333-8FDC-42A3-9474-1A3956D46DE8}") = "LockyServer", "LockyServer", "{C6F17414-C109-48D7-B6D0-C46AB1154159}"
EndProject
Project("{2150E333-8FDC-42A3-9474-1A3956D46DE8}") = "0. SDK", "0. SDK", "{A3C85D6A-31AE-40B4-B698-00B16F9E8454}"
EndProject
Project("{2150E333-8FDC-42A3-9474-1A3956D46DE8}") = "1. Presentation", "1. Presentation", "{32EE2188-F86A-425A-8426-C3FB096B6408}"
EndProject
Project("{FAE04EC0-301F-11D3-BF4B-00C04F79EFBC}") = "Presentation.gRPC", "Presentation.gRPC\Presentation.gRPC.csproj", "{873CCF40-6587-4E13-8167-A78406EC54E6}"
EndProject
Project("{FAE04EC0-301F-11D3-BF4B-00C04F79EFBC}") = "LokyClient", "LokyClient\LokyClient.csproj", "{B475B01C-6057-49FB-A45E-2706465CA365}"
EndProject
Global
	GlobalSection(SolutionConfigurationPlatforms) = preSolution
		Debug|Any CPU = Debug|Any CPU
		Release|Any CPU = Release|Any CPU
	EndGlobalSection
	GlobalSection(ProjectConfigurationPlatforms) = postSolution
		{873CCF40-6587-4E13-8167-A78406EC54E6}.Debug|Any CPU.ActiveCfg = Debug|Any CPU
		{873CCF40-6587-4E13-8167-A78406EC54E6}.Debug|Any CPU.Build.0 = Debug|Any CPU
		{873CCF40-6587-4E13-8167-A78406EC54E6}.Release|Any CPU.ActiveCfg = Release|Any CPU
		{873CCF40-6587-4E13-8167-A78406EC54E6}.Release|Any CPU.Build.0 = Release|Any CPU
		{B475B01C-6057-49FB-A45E-2706465CA365}.Debug|Any CPU.ActiveCfg = Debug|Any CPU
		{B475B01C-6057-49FB-A45E-2706465CA365}.Debug|Any CPU.Build.0 = Debug|Any CPU
		{B475B01C-6057-49FB-A45E-2706465CA365}.Release|Any CPU.ActiveCfg = Release|Any CPU
		{B475B01C-6057-49FB-A45E-2706465CA365}.Release|Any CPU.Build.0 = Release|Any CPU
	EndGlobalSection
	GlobalSection(NestedProjects) = preSolution
		{A3C85D6A-31AE-40B4-B698-00B16F9E8454} = {C6F17414-C109-48D7-B6D0-C46AB1154159}
		{32EE2188-F86A-425A-8426-C3FB096B6408} = {C6F17414-C109-48D7-B6D0-C46AB1154159}
		{873CCF40-6587-4E13-8167-A78406EC54E6} = {32EE2188-F86A-425A-8426-C3FB096B6408}
		{B475B01C-6057-49FB-A45E-2706465CA365} = {A3C85D6A-31AE-40B4-B698-00B16F9E8454}
	EndGlobalSection
EndGlobal
